PODS:
  - CacheKit (0.5.0):
    - CacheKit/Core (= 0.5.0)
    - CacheKit/FastImages (= 0.5.0)
    - FMDB (~> 2.4)
  - CacheKit/Core (0.5.0):
    - FMDB (~> 2.4)
  - CacheKit/FastImages (0.5.0):
    - CacheKit/Core
    - FMDB (~> 2.4)
  - FMDB (2.6):
    - FMDB/standard (= 2.6)
  - FMDB/standard (2.6)

DEPENDENCIES:
  - CacheKit (from `../`)

EXTERNAL SOURCES:
  CacheKit:
    :path: "../"

SPEC CHECKSUMS:
  CacheKit: c6e0788a9a4436297789d19bd85c791007b1a534
  FMDB: c1968bab3ab0aed38f66cb778ae1e7fa9a652b6e

COCOAPODS: 0.39.0
